// !$*UTF8*$!
{
	archiveVersion = 1;
	classes = {
	};
	objectVersion = 50;
	objects = {

/* Begin PBXBuildFile section */
		CE44CA02272C317C00558F9C /* HistoryTableViewController.swift in Sources */ = {isa = PBXBuildFile; fileRef = CE44CA01272C317C00558F9C /* HistoryTableViewController.swift */; };
		CE44CA05272C31E700558F9C /* DetailsViewController.swift in Sources */ = {isa = PBXBuildFile; fileRef = CE44CA04272C31E700558F9C /* DetailsViewController.swift */; };
		CE44CA0B272C361F00558F9C /* SearchResultsCollectionViewController.swift in Sources */ = {isa = PBXBuildFile; fileRef = CE44CA0A272C361F00558F9C /* SearchResultsCollectionViewController.swift */; };
		CE44CA0F272C484D00558F9C /* SearchResultsCollectionViewCell.swift in Sources */ = {isa = PBXBuildFile; fileRef = CE44CA0E272C484D00558F9C /* SearchResultsCollectionViewCell.swift */; };
		CE44CA13272C5E4A00558F9C /* AlbumThumbnailInfo.swift in Sources */ = {isa = PBXBuildFile; fileRef = CE44CA12272C5E4900558F9C /* AlbumThumbnailInfo.swift */; };
		CE44CA23272D531300558F9C /* NetworkService.swift in Sources */ = {isa = PBXBuildFile; fileRef = CE44CA22272D531300558F9C /* NetworkService.swift */; };
		CE44CA29272D544600558F9C /* AlbumDetails.swift in Sources */ = {isa = PBXBuildFile; fileRef = CE44CA28272D544600558F9C /* AlbumDetails.swift */; };
		CE57B463272DB290006B97A0 /* Constants.swift in Sources */ = {isa = PBXBuildFile; fileRef = CE57B462272DB290006B97A0 /* Constants.swift */; };
		CE57B468272ED215006B97A0 /* AlertService.swift in Sources */ = {isa = PBXBuildFile; fileRef = CE57B467272ED215006B97A0 /* AlertService.swift */; };
		CEB90529272B28FA00126849 /* AppDelegate.swift in Sources */ = {isa = PBXBuildFile; fileRef = CEB90528272B28FA00126849 /* AppDelegate.swift */; };
		CEB9052B272B28FA00126849 /* SceneDelegate.swift in Sources */ = {isa = PBXBuildFile; fileRef = CEB9052A272B28FA00126849 /* SceneDelegate.swift */; };
		CEB90530272B28FA00126849 /* Main.storyboard in Resources */ = {isa = PBXBuildFile; fileRef = CEB9052E272B28FA00126849 /* Main.storyboard */; };
		CEB90532272B28FF00126849 /* Assets.xcassets in Resources */ = {isa = PBXBuildFile; fileRef = CEB90531272B28FF00126849 /* Assets.xcassets */; };
		CEB90535272B28FF00126849 /* LaunchScreen.storyboard in Resources */ = {isa = PBXBuildFile; fileRef = CEB90533272B28FF00126849 /* LaunchScreen.storyboard */; };
/* End PBXBuildFile section */

/* Begin PBXFileReference section */
		CE44CA01272C317C00558F9C /* HistoryTableViewController.swift */ = {isa = PBXFileReference; lastKnownFileType = sourcecode.swift; path = HistoryTableViewController.swift; sourceTree = "<group>"; };
		CE44CA04272C31E700558F9C /* DetailsViewController.swift */ = {isa = PBXFileReference; lastKnownFileType = sourcecode.swift; path = DetailsViewController.swift; sourceTree = "<group>"; };
		CE44CA0A272C361F00558F9C /* SearchResultsCollectionViewController.swift */ = {isa = PBXFileReference; lastKnownFileType = sourcecode.swift; path = SearchResultsCollectionViewController.swift; sourceTree = "<group>"; };
		CE44CA0E272C484D00558F9C /* SearchResultsCollectionViewCell.swift */ = {isa = PBXFileReference; lastKnownFileType = sourcecode.swift; path = SearchResultsCollectionViewCell.swift; sourceTree = "<group>"; };
		CE44CA12272C5E4900558F9C /* AlbumThumbnailInfo.swift */ = {isa = PBXFileReference; lastKnownFileType = sourcecode.swift; path = AlbumThumbnailInfo.swift; sourceTree = "<group>"; };
		CE44CA22272D531300558F9C /* NetworkService.swift */ = {isa = PBXFileReference; lastKnownFileType = sourcecode.swift; path = NetworkService.swift; sourceTree = "<group>"; };
		CE44CA28272D544600558F9C /* AlbumDetails.swift */ = {isa = PBXFileReference; lastKnownFileType = sourcecode.swift; path = AlbumDetails.swift; sourceTree = "<group>"; };
		CE57B462272DB290006B97A0 /* Constants.swift */ = {isa = PBXFileReference; lastKnownFileType = sourcecode.swift; path = Constants.swift; sourceTree = "<group>"; };
		CE57B467272ED215006B97A0 /* AlertService.swift */ = {isa = PBXFileReference; lastKnownFileType = sourcecode.swift; path = AlertService.swift; sourceTree = "<group>"; };
		CEB90525272B28FA00126849 /* YouTunes.app */ = {isa = PBXFileReference; explicitFileType = wrapper.application; includeInIndex = 0; path = YouTunes.app; sourceTree = BUILT_PRODUCTS_DIR; };
		CEB90528272B28FA00126849 /* AppDelegate.swift */ = {isa = PBXFileReference; lastKnownFileType = sourcecode.swift; path = AppDelegate.swift; sourceTree = "<group>"; };
		CEB9052A272B28FA00126849 /* SceneDelegate.swift */ = {isa = PBXFileReference; lastKnownFileType = sourcecode.swift; path = SceneDelegate.swift; sourceTree = "<group>"; };
		CEB9052F272B28FA00126849 /* Base */ = {isa = PBXFileReference; lastKnownFileType = file.storyboard; name = Base; path = Base.lproj/Main.storyboard; sourceTree = "<group>"; };
		CEB90531272B28FF00126849 /* Assets.xcassets */ = {isa = PBXFileReference; lastKnownFileType = folder.assetcatalog; path = Assets.xcassets; sourceTree = "<group>"; };
		CEB90534272B28FF00126849 /* Base */ = {isa = PBXFileReference; lastKnownFileType = file.storyboard; name = Base; path = Base.lproj/LaunchScreen.storyboard; sourceTree = "<group>"; };
		CEB90536272B28FF00126849 /* Info.plist */ = {isa = PBXFileReference; lastKnownFileType = text.plist.xml; path = Info.plist; sourceTree = "<group>"; };
/* End PBXFileReference section */

/* Begin PBXFrameworksBuildPhase section */
		CEB90522272B28FA00126849 /* Frameworks */ = {
			isa = PBXFrameworksBuildPhase;
			buildActionMask = 2147483647;
			files = (
			);
			runOnlyForDeploymentPostprocessing = 0;
		};
/* End PBXFrameworksBuildPhase section */

/* Begin PBXGroup section */
		CE44CA15272C5E6A00558F9C /* Model */ = {
			isa = PBXGroup;
			children = (
				CE44CA12272C5E4900558F9C /* AlbumThumbnailInfo.swift */,
				CE44CA28272D544600558F9C /* AlbumDetails.swift */,
				CE57B462272DB290006B97A0 /* Constants.swift */,
			);
			path = Model;
			sourceTree = "<group>";
		};
		CE44CA16272C5E7800558F9C /* View */ = {
			isa = PBXGroup;
			children = (
				CEB9052E272B28FA00126849 /* Main.storyboard */,
				CEB90533272B28FF00126849 /* LaunchScreen.storyboard */,
			);
			path = View;
			sourceTree = "<group>";
		};
		CE44CA17272C5E9F00558F9C /* Controller */ = {
			isa = PBXGroup;
			children = (
				CE44CA0A272C361F00558F9C /* SearchResultsCollectionViewController.swift */,
				CE44CA0E272C484D00558F9C /* SearchResultsCollectionViewCell.swift */,
				CE44CA01272C317C00558F9C /* HistoryTableViewController.swift */,
				CE44CA04272C31E700558F9C /* DetailsViewController.swift */,
			);
			path = Controller;
			sourceTree = "<group>";
		};
		CE44CA19272C5EB500558F9C /* Supporting Files */ = {
			isa = PBXGroup;
			children = (
				CEB90528272B28FA00126849 /* AppDelegate.swift */,
				CEB9052A272B28FA00126849 /* SceneDelegate.swift */,
				CEB90531272B28FF00126849 /* Assets.xcassets */,
			);
			path = "Supporting Files";
			sourceTree = "<group>";
		};
		CE44CA26272D532F00558F9C /* Services */ = {
			isa = PBXGroup;
			children = (
				CE44CA22272D531300558F9C /* NetworkService.swift */,
				CE57B467272ED215006B97A0 /* AlertService.swift */,
			);
			path = Services;
			sourceTree = "<group>";
		};
		CEB9051C272B28F900126849 = {
			isa = PBXGroup;
			children = (
				CEB90527272B28FA00126849 /* YouTunes */,
				CEB90526272B28FA00126849 /* Products */,
			);
			sourceTree = "<group>";
		};
		CEB90526272B28FA00126849 /* Products */ = {
			isa = PBXGroup;
			children = (
				CEB90525272B28FA00126849 /* YouTunes.app */,
			);
			name = Products;
			sourceTree = "<group>";
		};
		CEB90527272B28FA00126849 /* YouTunes */ = {
			isa = PBXGroup;
			children = (
				CE44CA15272C5E6A00558F9C /* Model */,
				CE44CA16272C5E7800558F9C /* View */,
				CE44CA17272C5E9F00558F9C /* Controller */,
				CE44CA26272D532F00558F9C /* Services */,
				CE44CA19272C5EB500558F9C /* Supporting Files */,
				CEB90536272B28FF00126849 /* Info.plist */,
			);
			path = YouTunes;
			sourceTree = "<group>";
		};
/* End PBXGroup section */

/* Begin PBXNativeTarget section */
		CEB90524272B28FA00126849 /* YouTunes */ = {
			isa = PBXNativeTarget;
			buildConfigurationList = CEB90539272B28FF00126849 /* Build configuration list for PBXNativeTarget "YouTunes" */;
			buildPhases = (
				CEB90521272B28FA00126849 /* Sources */,
				CEB90522272B28FA00126849 /* Frameworks */,
				CEB90523272B28FA00126849 /* Resources */,
			);
			buildRules = (
			);
			dependencies = (
			);
			name = YouTunes;
			productName = YouTunes;
			productReference = CEB90525272B28FA00126849 /* YouTunes.app */;
			productType = "com.apple.product-type.application";
		};
/* End PBXNativeTarget section */

/* Begin PBXProject section */
		CEB9051D272B28F900126849 /* Project object */ = {
			isa = PBXProject;
			attributes = {
				LastSwiftUpdateCheck = 1240;
				LastUpgradeCheck = 1240;
				TargetAttributes = {
					CEB90524272B28FA00126849 = {
						CreatedOnToolsVersion = 12.4;
					};
				};
			};
			buildConfigurationList = CEB90520272B28F900126849 /* Build configuration list for PBXProject "YouTunes" */;
			compatibilityVersion = "Xcode 9.3";
			developmentRegion = en;
			hasScannedForEncodings = 0;
			knownRegions = (
				en,
				Base,
			);
			mainGroup = CEB9051C272B28F900126849;
			productRefGroup = CEB90526272B28FA00126849 /* Products */;
			projectDirPath = "";
			projectRoot = "";
			targets = (
				CEB90524272B28FA00126849 /* YouTunes */,
			);
		};
/* End PBXProject section */

/* Begin PBXResourcesBuildPhase section */
		CEB90523272B28FA00126849 /* Resources */ = {
			isa = PBXResourcesBuildPhase;
			buildActionMask = 2147483647;
			files = (
				CEB90535272B28FF00126849 /* LaunchScreen.storyboard in Resources */,
				CEB90532272B28FF00126849 /* Assets.xcassets in Resources */,
				CEB90530272B28FA00126849 /* Main.storyboard in Resources */,
			);
			runOnlyForDeploymentPostprocessing = 0;
		};
/* End PBXResourcesBuildPhase section */

/* Begin PBXSourcesBuildPhase section */
		CEB90521272B28FA00126849 /* Sources */ = {
			isa = PBXSourcesBuildPhase;
			buildActionMask = 2147483647;
			files = (
				CE57B468272ED215006B97A0 /* AlertService.swift in Sources */,
				CE44CA02272C317C00558F9C /* HistoryTableViewController.swift in Sources */,
				CE44CA0F272C484D00558F9C /* SearchResultsCollectionViewCell.swift in Sources */,
				CEB90529272B28FA00126849 /* AppDelegate.swift in Sources */,
				CE44CA23272D531300558F9C /* NetworkService.swift in Sources */,
				CEB9052B272B28FA00126849 /* SceneDelegate.swift in Sources */,
				CE57B463272DB290006B97A0 /* Constants.swift in Sources */,
				CE44CA29272D544600558F9C /* AlbumDetails.swift in Sources */,
				CE44CA05272C31E700558F9C /* DetailsViewController.swift in Sources */,
				CE44CA0B272C361F00558F9C /* SearchResultsCollectionViewController.swift in Sources */,
				CE44CA13272C5E4A00558F9C /* AlbumThumbnailInfo.swift in Sources */,
			);
			runOnlyForDeploymentPostprocessing = 0;
		};
/* End PBXSourcesBuildPhase section */

/* Begin PBXVariantGroup section */
		CEB9052E272B28FA00126849 /* Main.storyboard */ = {
			isa = PBXVariantGroup;
			children = (
				CEB9052F272B28FA00126849 /* Base */,
			);
			name = Main.storyboard;
			sourceTree = "<group>";
		};
		CEB90533272B28FF00126849 /* LaunchScreen.storyboard */ = {
			isa = PBXVariantGroup;
			children = (
				CEB90534272B28FF00126849 /* Base */,
			);
			name = LaunchScreen.storyboard;
			sourceTree = "<group>";
		};
/* End PBXVariantGroup section */

/* Begin XCBuildConfiguration section */
		CEB90537272B28FF00126849 /* Debug */ = {
			isa = XCBuildConfiguration;
			buildSettings = {
				ALWAYS_SEARCH_USER_PATHS = NO;
				CLANG_ANALYZER_NONNULL = YES;
				CLANG_ANALYZER_NUMBER_OBJECT_CONVERSION = YES_AGGRESSIVE;
				CLANG_CXX_LANGUAGE_STANDARD = "gnu++14";
				CLANG_CXX_LIBRARY = "libc++";
				CLANG_ENABLE_MODULES = YES;
				CLANG_ENABLE_OBJC_ARC = YES;
				CLANG_ENABLE_OBJC_WEAK = YES;
				CLANG_WARN_BLOCK_CAPTURE_AUTORELEASING = YES;
				CLANG_WARN_BOOL_CONVERSION = YES;
				CLANG_WARN_COMMA = YES;
				CLANG_WARN_CONSTANT_CONVERSION = YES;
				CLANG_WARN_DEPRECATED_OBJC_IMPLEMENTATIONS = YES;
				CLANG_WARN_DIRECT_OBJC_ISA_USAGE = YES_ERROR;
				CLANG_WARN_DOCUMENTATION_COMMENTS = YES;
				CLANG_WARN_EMPTY_BODY = YES;
				CLANG_WARN_ENUM_CONVERSION = YES;
				CLANG_WARN_INFINITE_RECURSION = YES;
				CLANG_WARN_INT_CONVERSION = YES;
				CLANG_WARN_NON_LITERAL_NULL_CONVERSION = YES;
				CLANG_WARN_OBJC_IMPLICIT_RETAIN_SELF = YES;
				CLANG_WARN_OBJC_LITERAL_CONVERSION = YES;
				CLANG_WARN_OBJC_ROOT_CLASS = YES_ERROR;
				CLANG_WARN_QUOTED_INCLUDE_IN_FRAMEWORK_HEADER = YES;
				CLANG_WARN_RANGE_LOOP_ANALYSIS = YES;
				CLANG_WARN_STRICT_PROTOTYPES = YES;
				CLANG_WARN_SUSPICIOUS_MOVE = YES;
				CLANG_WARN_UNGUARDED_AVAILABILITY = YES_AGGRESSIVE;
				CLANG_WARN_UNREACHABLE_CODE = YES;
				CLANG_WARN__DUPLICATE_METHOD_MATCH = YES;
				COPY_PHASE_STRIP = NO;
				DEBUG_INFORMATION_FORMAT = dwarf;
				ENABLE_STRICT_OBJC_MSGSEND = YES;
				ENABLE_TESTABILITY = YES;
				GCC_C_LANGUAGE_STANDARD = gnu11;
				GCC_DYNAMIC_NO_PIC = NO;
				GCC_NO_COMMON_BLOCKS = YES;
				GCC_OPTIMIZATION_LEVEL = 0;
				GCC_PREPROCESSOR_DEFINITIONS = (
					"DEBUG=1",
					"$(inherited)",
				);
				GCC_WARN_64_TO_32_BIT_CONVERSION = YES;
				GCC_WARN_ABOUT_RETURN_TYPE = YES_ERROR;
				GCC_WARN_UNDECLARED_SELECTOR = YES;
				GCC_WARN_UNINITIALIZED_AUTOS = YES_AGGRESSIVE;
				GCC_WARN_UNUSED_FUNCTION = YES;
				GCC_WARN_UNUSED_VARIABLE = YES;
				IPHONEOS_DEPLOYMENT_TARGET = 12.1;
				MTL_ENABLE_DEBUG_INFO = INCLUDE_SOURCE;
				MTL_FAST_MATH = YES;
				ONLY_ACTIVE_ARCH = YES;
				SDKROOT = iphoneos;
				SWIFT_ACTIVE_COMPILATION_CONDITIONS = DEBUG;
				SWIFT_OPTIMIZATION_LEVEL = "-Onone";
			};
			name = Debug;
		};
		CEB90538272B28FF00126849 /* Release */ = {
			isa = XCBuildConfiguration;
			buildSettings = {
				ALWAYS_SEARCH_USER_PATHS = NO;
				CLANG_ANALYZER_NONNULL = YES;
				CLANG_ANALYZER_NUMBER_OBJECT_CONVERSION = YES_AGGRESSIVE;
				CLANG_CXX_LANGUAGE_STANDARD = "gnu++14";
				CLANG_CXX_LIBRARY = "libc++";
				CLANG_ENABLE_MODULES = YES;
				CLANG_ENABLE_OBJC_ARC = YES;
				CLANG_ENABLE_OBJC_WEAK = YES;
				CLANG_WARN_BLOCK_CAPTURE_AUTORELEASING = YES;
				CLANG_WARN_BOOL_CONVERSION = YES;
				CLANG_WARN_COMMA = YES;
				CLANG_WARN_CONSTANT_CONVERSION = YES;
				CLANG_WARN_DEPRECATED_OBJC_IMPLEMENTATIONS = YES;
				CLANG_WARN_DIRECT_OBJC_ISA_USAGE = YES_ERROR;
				CLANG_WARN_DOCUMENTATION_COMMENTS = YES;
				CLANG_WARN_EMPTY_BODY = YES;
				CLANG_WARN_ENUM_CONVERSION = YES;
				CLANG_WARN_INFINITE_RECURSION = YES;
				CLANG_WARN_INT_CONVERSION = YES;
				CLANG_WARN_NON_LITERAL_NULL_CONVERSION = YES;
				CLANG_WARN_OBJC_IMPLICIT_RETAIN_SELF = YES;
				CLANG_WARN_OBJC_LITERAL_CONVERSION = YES;
				CLANG_WARN_OBJC_ROOT_CLASS = YES_ERROR;
				CLANG_WARN_QUOTED_INCLUDE_IN_FRAMEWORK_HEADER = YES;
				CLANG_WARN_RANGE_LOOP_ANALYSIS = YES;
				CLANG_WARN_STRICT_PROTOTYPES = YES;
				CLANG_WARN_SUSPICIOUS_MOVE = YES;
				CLANG_WARN_UNGUARDED_AVAILABILITY = YES_AGGRESSIVE;
				CLANG_WARN_UNREACHABLE_CODE = YES;
				CLANG_WARN__DUPLICATE_METHOD_MATCH = YES;
				COPY_PHASE_STRIP = NO;
				DEBUG_INFORMATION_FORMAT = "dwarf-with-dsym";
				ENABLE_NS_ASSERTIONS = NO;
				ENABLE_STRICT_OBJC_MSGSEND = YES;
				GCC_C_LANGUAGE_STANDARD = gnu11;
				GCC_NO_COMMON_BLOCKS = YES;
				GCC_WARN_64_TO_32_BIT_CONVERSION = YES;
				GCC_WARN_ABOUT_RETURN_TYPE = YES_ERROR;
				GCC_WARN_UNDECLARED_SELECTOR = YES;
				GCC_WARN_UNINITIALIZED_AUTOS = YES_AGGRESSIVE;
				GCC_WARN_UNUSED_FUNCTION = YES;
				GCC_WARN_UNUSED_VARIABLE = YES;
				IPHONEOS_DEPLOYMENT_TARGET = 12.1;
				MTL_ENABLE_DEBUG_INFO = NO;
				MTL_FAST_MATH = YES;
				SDKROOT = iphoneos;
				SWIFT_COMPILATION_MODE = wholemodule;
				SWIFT_OPTIMIZATION_LEVEL = "-O";
				VALIDATE_PRODUCT = YES;
			};
			name = Release;
		};
		CEB9053A272B28FF00126849 /* Debug */ = {
			isa = XCBuildConfiguration;
			buildSettings = {
				ASSETCATALOG_COMPILER_APPICON_NAME = AppIcon;
				ASSETCATALOG_COMPILER_GLOBAL_ACCENT_COLOR_NAME = AccentColor;
				CODE_SIGN_STYLE = Automatic;
				DEVELOPMENT_TEAM = 5JFF3U9J3C;
				INFOPLIST_FILE = YouTunes/Info.plist;
				IPHONEOS_DEPLOYMENT_TARGET = 13.0;
				LD_RUNPATH_SEARCH_PATHS = (
					"$(inherited)",
					"@executable_path/Frameworks",
				);
				PRODUCT_BUNDLE_IDENTIFIER = com.alexeypavlov.YouTunes;
				PRODUCT_NAME = "$(TARGET_NAME)";
				SWIFT_VERSION = 5.0;
				TARGETED_DEVICE_FAMILY = 1;
			};
			name = Debug;
		};
		CEB9053B272B28FF00126849 /* Release */ = {
			isa = XCBuildConfiguration;
			buildSettings = {
				ASSETCATALOG_COMPILER_APPICON_NAME = AppIcon;
				ASSETCATALOG_COMPILER_GLOBAL_ACCENT_COLOR_NAME = AccentColor;
				CODE_SIGN_STYLE = Automatic;
				DEVELOPMENT_TEAM = 5JFF3U9J3C;
				INFOPLIST_FILE = YouTunes/Info.plist;
				IPHONEOS_DEPLOYMENT_TARGET = 13.0;
				LD_RUNPATH_SEARCH_PATHS = (
					"$(inherited)",
					"@executable_path/Frameworks",
				);
				PRODUCT_BUNDLE_IDENTIFIER = com.alexeypavlov.YouTunes;
				PRODUCT_NAME = "$(TARGET_NAME)";
				SWIFT_VERSION = 5.0;
				TARGETED_DEVICE_FAMILY = 1;
			};
			name = Release;
		};
/* End XCBuildConfiguration section */

/* Begin XCConfigurationList section */
		CEB90520272B28F900126849 /* Build configuration list for PBXProject "YouTunes" */ = {
			isa = XCConfigurationList;
			buildConfigurations = (
				CEB90537272B28FF00126849 /* Debug */,
				CEB90538272B28FF00126849 /* Release */,
			);
			defaultConfigurationIsVisible = 0;
			defaultConfigurationName = Release;
		};
		CEB90539272B28FF00126849 /* Build configuration list for PBXNativeTarget "YouTunes" */ = {
			isa = XCConfigurationList;
			buildConfigurations = (
				CEB9053A272B28FF00126849 /* Debug */,
				CEB9053B272B28FF00126849 /* Release */,
			);
			defaultConfigurationIsVisible = 0;
			defaultConfigurationName = Release;
		};
/* End XCConfigurationList section */
	};
	rootObject = CEB9051D272B28F900126849 /* Project object */;
}
